
Microsoft Visual Studio Solution File, Format Version 12.00
Project("{FAE04EC0-301F-11D3-BF4B-00C04F79EFBC}") = "Senf", "Senf.csproj", "{69E4AE3A-64DD-47F5-B67D-25D22AAD5003}"
EndProject
Global
	GlobalSection(SolutionConfigurationPlatforms) = preSolution
		Debug|Any CPU = Debug|Any CPU
		Release|Any CPU = Release|Any CPU
	EndGlobalSection
	GlobalSection(ProjectConfigurationPlatforms) = postSolution
		{69E4AE3A-64DD-47F5-B67D-25D22AAD5003}.Debug|Any CPU.ActiveCfg = Debug|Any CPU
		{69E4AE3A-64DD-47F5-B67D-25D22AAD5003}.Debug|Any CPU.Build.0 = Debug|Any CPU
		{69E4AE3A-64DD-47F5-B67D-25D22AAD5003}.Release|Any CPU.ActiveCfg = Release|Any CPU
		{69E4AE3A-64DD-47F5-B67D-25D22AAD5003}.Release|Any CPU.Build.0 = Release|Any CPU
	EndGlobalSection
EndGlobal
